
Microsoft Visual Studio Solution File, Format Version 12.00
# Visual Studio 15
VisualStudioVersion = 15.0.27130.2027
MinimumVisualStudioVersion = 10.0.40219.1
Project("{FAE04EC0-301F-11D3-BF4B-00C04F79EFBC}") = "PluginProtoType", "PluginProtoType\PluginProtoType.csproj", "{016D8D1E-21E0-450A-9CF8-393A68956BB3}"
EndProject
Global
	GlobalSection(SolutionConfigurationPlatforms) = preSolution
		Debug|Any CPU = Debug|Any CPU
		Release|Any CPU = Release|Any CPU
	EndGlobalSection
	GlobalSection(ProjectConfigurationPlatforms) = postSolution
		{016D8D1E-21E0-450A-9CF8-393A68956BB3}.Debug|Any CPU.ActiveCfg = Debug|Any CPU
		{016D8D1E-21E0-450A-9CF8-393A68956BB3}.Debug|Any CPU.Build.0 = Debug|Any CPU
		{016D8D1E-21E0-450A-9CF8-393A68956BB3}.Release|Any CPU.ActiveCfg = Release|Any CPU
		{016D8D1E-21E0-450A-9CF8-393A68956BB3}.Release|Any CPU.Build.0 = Release|Any CPU
	EndGlobalSection
	GlobalSection(SolutionProperties) = preSolution
		HideSolutionNode = FALSE
	EndGlobalSection
	GlobalSection(ExtensibilityGlobals) = postSolution
		SolutionGuid = {A21D3B9E-311E-4BC7-8E4E-3749CFE1B089}
	EndGlobalSection
EndGlobal
